<Solution>
    <Folder Name="/Solution Items/">
        <File Path="README.md"/>
        <File Path="package.json"/>
        <File Path="tsconfig.json"/>
        <File Path=".dockerignore"/>
        <File Path=".editorconfig"/>
        <File Path=".gitlab-ci.yml"/>
        <File Path="compose.yaml"/>
        <File Path="Directory.Build.props"/>
        <File Path="global.json"/>
    </Folder>
    <Project Path="BoothDotDev\BoothDotDev.csproj"/>
</Solution>
